<?xml version="1.0" encoding="UTF-8" standalone="yes" ?>
<CodeBlocks_project_file>
	<FileVersion major="1" minor="6" />
	<Project>
		<Option title="Jogo" />
		<Option pch_mode="2" />
		<Option compiler="gcc" />
		<Option virtualFolders="Jogo/;Jogo/src/" />
		<Build>
			<Target title="Debug">
				<Option output="bin/Debug/Jogo" prefix_auto="1" extension_auto="1" />
				<Option object_output="obj/Debug/" />
				<Option type="1" />
				<Option compiler="gcc" />
				<Compiler>
					<Add option="-g" />
				</Compiler>
			</Target>
			<Target title="Release">
				<Option output="bin/Release/Jogo" prefix_auto="1" extension_auto="1" />
				<Option object_output="obj/Release/" />
				<Option type="1" />
				<Option compiler="gcc" />
				<Compiler>
					<Add option="-O2" />
				</Compiler>
				<Linker>
					<Add option="-s" />
				</Linker>
			</Target>
		</Build>
		<Compiler>
			<Add option="-Wall" />
		</Compiler>
		<Unit filename="../mapa.h" />
		<Unit filename="mapa.h">
			<Option virtualFolder="Jogo/src/" />
		</Unit>
		<Unit filename="src/main.c">
			<Option compilerVar="CC" />
		</Unit>
		<Unit filename="src/mapa.c">
			<Option compilerVar="CC" />
		</Unit>
		<Unit filename="src/mapa.h" />
		<Unit filename="src/movimentos.c">
			<Option compilerVar="CC" />
		</Unit>
		<Unit filename="src/movimentos.h">
			<Option target="&lt;{~None~}&gt;" />
		</Unit>
		<Extensions />
	</Project>
</CodeBlocks_project_file>
